
Microsoft Visual Studio Solution File, Format Version 12.00
# Visual Studio 16
VisualStudioVersion = 16.0.0.0
MinimumVisualStudioVersion = 16.0.0.0
Project("{FAE04EC0-301F-11D3-BF4B-00C04F79EFBC}") = "Terracota.Windows", "Terracota.Windows\Terracota.Windows.csproj", "{8F68747C-1D82-489B-AFB4-4C18F7DE123D}"
EndProject
Project("{FAE04EC0-301F-11D3-BF4B-00C04F79EFBC}") = "Terracota", "Terracota\Terracota.csproj", "{C60610F3-75B3-4E26-8E1D-D5B7F860AFE4}"
EndProject
Global
EndGlobal
