
Microsoft Visual Studio Solution File, Format Version 12.00
# Visual Studio Version 17
VisualStudioVersion = 17.7.34003.232
MinimumVisualStudioVersion = 16.0.0.0
Project("{9A19103F-16F7-4668-BE54-9A1E7A4F7556}") = "Terracota.Windows", "Terracota.Windows\Terracota.Windows.csproj", "{8F68747C-1D82-489B-AFB4-4C18F7DE123D}"
EndProject
Project("{9A19103F-16F7-4668-BE54-9A1E7A4F7556}") = "Terracota", "Terracota\Terracota.csproj", "{C60610F3-75B3-4E26-8E1D-D5B7F860AFE4}"
EndProject
Global
	GlobalSection(SolutionConfigurationPlatforms) = preSolution
		Debug|Any CPU = Debug|Any CPU
		Release|Any CPU = Release|Any CPU
	EndGlobalSection
	GlobalSection(ProjectConfigurationPlatforms) = postSolution
		{8F68747C-1D82-489B-AFB4-4C18F7DE123D}.Debug|Any CPU.ActiveCfg = Debug|Any CPU
		{8F68747C-1D82-489B-AFB4-4C18F7DE123D}.Debug|Any CPU.Build.0 = Debug|Any CPU
		{8F68747C-1D82-489B-AFB4-4C18F7DE123D}.Release|Any CPU.ActiveCfg = Release|Any CPU
		{8F68747C-1D82-489B-AFB4-4C18F7DE123D}.Release|Any CPU.Build.0 = Release|Any CPU
		{C60610F3-75B3-4E26-8E1D-D5B7F860AFE4}.Debug|Any CPU.ActiveCfg = Debug|Any CPU
		{C60610F3-75B3-4E26-8E1D-D5B7F860AFE4}.Debug|Any CPU.Build.0 = Debug|Any CPU
		{C60610F3-75B3-4E26-8E1D-D5B7F860AFE4}.Release|Any CPU.ActiveCfg = Release|Any CPU
		{C60610F3-75B3-4E26-8E1D-D5B7F860AFE4}.Release|Any CPU.Build.0 = Release|Any CPU
	EndGlobalSection
	GlobalSection(SolutionProperties) = preSolution
		HideSolutionNode = FALSE
	EndGlobalSection
EndGlobal
